
Microsoft Visual Studio Solution File, Format Version 12.00
# Visual Studio 14
VisualStudioVersion = 14.0.25420.1
MinimumVisualStudioVersion = 10.0.40219.1
Project("{FAE04EC0-301F-11D3-BF4B-00C04F79EFBC}") = "DynamicShaderViewer", "DynamicShaderViewer\DynamicShaderViewer.csproj", "{910208E3-793B-4A2D-BB2A-637BC722FEE5}"
EndProject
Project("{FAE04EC0-301F-11D3-BF4B-00C04F79EFBC}") = "DirectxImageControl", "packages\DirectxImageControl\DirectxImageControl.csproj", "{1A55E5A8-C4A6-461D-A855-A616B6F7F5DA}"
EndProject
Global
	GlobalSection(SolutionConfigurationPlatforms) = preSolution
		Debug|Any CPU = Debug|Any CPU
		Release|Any CPU = Release|Any CPU
	EndGlobalSection
	GlobalSection(ProjectConfigurationPlatforms) = postSolution
		{910208E3-793B-4A2D-BB2A-637BC722FEE5}.Debug|Any CPU.ActiveCfg = Debug|Any CPU
		{910208E3-793B-4A2D-BB2A-637BC722FEE5}.Debug|Any CPU.Build.0 = Debug|Any CPU
		{910208E3-793B-4A2D-BB2A-637BC722FEE5}.Release|Any CPU.ActiveCfg = Release|Any CPU
		{910208E3-793B-4A2D-BB2A-637BC722FEE5}.Release|Any CPU.Build.0 = Release|Any CPU
		{1A55E5A8-C4A6-461D-A855-A616B6F7F5DA}.Debug|Any CPU.ActiveCfg = Debug|Any CPU
		{1A55E5A8-C4A6-461D-A855-A616B6F7F5DA}.Debug|Any CPU.Build.0 = Debug|Any CPU
		{1A55E5A8-C4A6-461D-A855-A616B6F7F5DA}.Release|Any CPU.ActiveCfg = Release|Any CPU
		{1A55E5A8-C4A6-461D-A855-A616B6F7F5DA}.Release|Any CPU.Build.0 = Release|Any CPU
	EndGlobalSection
	GlobalSection(SolutionProperties) = preSolution
		HideSolutionNode = FALSE
	EndGlobalSection
EndGlobal
